
Microsoft Visual Studio Solution File, Format Version 12.00
# Visual Studio Version 17
VisualStudioVersion = 17.1.32328.378
MinimumVisualStudioVersion = 10.0.40219.1
Project("{2150E333-8FDC-42A3-9474-1A3956D46DE8}") = "src", "src", "{18B98EF2-AD63-4474-B83D-739CDDA03BFA}"
EndProject
Project("{9A19103F-16F7-4668-BE54-9A1E7A4F7556}") = "Application", "src\Application\Application.csproj", "{6CDA7960-0838-41CE-9167-649BBEF382B2}"
	ProjectSection(ProjectDependencies) = postProject
		{01FBD943-C9D2-43E0-9DE6-CD560B427048} = {01FBD943-C9D2-43E0-9DE6-CD560B427048}
	EndProjectSection
EndProject
Project("{9A19103F-16F7-4668-BE54-9A1E7A4F7556}") = "Api", "src\Api\Api.csproj", "{05FE4B4B-D218-4A59-A9C3-C1FDCDE00F5E}"
	ProjectSection(ProjectDependencies) = postProject
		{01FBD943-C9D2-43E0-9DE6-CD560B427048} = {01FBD943-C9D2-43E0-9DE6-CD560B427048}
		{6CDA7960-0838-41CE-9167-649BBEF382B2} = {6CDA7960-0838-41CE-9167-649BBEF382B2}
	EndProjectSection
EndProject
Project("{9A19103F-16F7-4668-BE54-9A1E7A4F7556}") = "Infrastructure", "src\Infrastructure\Infrastructure.csproj", "{01FBD943-C9D2-43E0-9DE6-CD560B427048}"
EndProject
Project("{2150E333-8FDC-42A3-9474-1A3956D46DE8}") = "Solution Items", "Solution Items", "{9B3C9122-A909-46DA-8587-82E554A2F2CD}"
	ProjectSection(SolutionItems) = preProject
		.dockerignore = .dockerignore
		.editorconfig = .editorconfig
		README.md = README.md
		stryker-config.json = stryker-config.json
	EndProjectSection
EndProject
Project("{2150E333-8FDC-42A3-9474-1A3956D46DE8}") = "tests", "tests", "{2044518A-077F-4E36-A078-AAF0E8067B96}"
EndProject
Project("{2150E333-8FDC-42A3-9474-1A3956D46DE8}") = "Unit", "Unit", "{C5C805EE-3D08-46DC-BE2E-0563D2CF9C69}"
EndProject
Project("{9A19103F-16F7-4668-BE54-9A1E7A4F7556}") = "Api", "tests\Unit\Api\Api.csproj", "{6D0325A6-A28C-46D1-AA2B-6CEFD34B7C75}"
EndProject
Project("{9A19103F-16F7-4668-BE54-9A1E7A4F7556}") = "Application", "tests\Unit\Application\Application.csproj", "{A2096EB6-0265-4F36-A7BB-68345359558F}"
EndProject
Project("{9A19103F-16F7-4668-BE54-9A1E7A4F7556}") = "Infrastructure", "tests\Unit\Infrastructure\Infrastructure.csproj", "{7186A582-F12C-4E5F-8B90-2399E01C492C}"
EndProject
Project("{2150E333-8FDC-42A3-9474-1A3956D46DE8}") = "Bdd", "Bdd", "{9F88CC28-4452-4C6E-BF15-3E009D4AFDF4}"
EndProject
Project("{FAE04EC0-301F-11D3-BF4B-00C04F79EFBC}") = "Bdd", "tests\Bdd\Bdd\Bdd.csproj", "{2BB00826-5202-4CB7-A654-08C7A25AF5A0}"
EndProject
Global
	GlobalSection(SolutionConfigurationPlatforms) = preSolution
		Debug|Any CPU = Debug|Any CPU
		Release|Any CPU = Release|Any CPU
	EndGlobalSection
	GlobalSection(ProjectConfigurationPlatforms) = postSolution
		{6CDA7960-0838-41CE-9167-649BBEF382B2}.Debug|Any CPU.ActiveCfg = Debug|Any CPU
		{6CDA7960-0838-41CE-9167-649BBEF382B2}.Debug|Any CPU.Build.0 = Debug|Any CPU
		{6CDA7960-0838-41CE-9167-649BBEF382B2}.Release|Any CPU.ActiveCfg = Release|Any CPU
		{6CDA7960-0838-41CE-9167-649BBEF382B2}.Release|Any CPU.Build.0 = Release|Any CPU
		{05FE4B4B-D218-4A59-A9C3-C1FDCDE00F5E}.Debug|Any CPU.ActiveCfg = Debug|Any CPU
		{05FE4B4B-D218-4A59-A9C3-C1FDCDE00F5E}.Debug|Any CPU.Build.0 = Debug|Any CPU
		{05FE4B4B-D218-4A59-A9C3-C1FDCDE00F5E}.Release|Any CPU.ActiveCfg = Release|Any CPU
		{05FE4B4B-D218-4A59-A9C3-C1FDCDE00F5E}.Release|Any CPU.Build.0 = Release|Any CPU
		{01FBD943-C9D2-43E0-9DE6-CD560B427048}.Debug|Any CPU.ActiveCfg = Debug|Any CPU
		{01FBD943-C9D2-43E0-9DE6-CD560B427048}.Debug|Any CPU.Build.0 = Debug|Any CPU
		{01FBD943-C9D2-43E0-9DE6-CD560B427048}.Release|Any CPU.ActiveCfg = Release|Any CPU
		{01FBD943-C9D2-43E0-9DE6-CD560B427048}.Release|Any CPU.Build.0 = Release|Any CPU
		{6D0325A6-A28C-46D1-AA2B-6CEFD34B7C75}.Debug|Any CPU.ActiveCfg = Debug|Any CPU
		{6D0325A6-A28C-46D1-AA2B-6CEFD34B7C75}.Debug|Any CPU.Build.0 = Debug|Any CPU
		{6D0325A6-A28C-46D1-AA2B-6CEFD34B7C75}.Release|Any CPU.ActiveCfg = Release|Any CPU
		{6D0325A6-A28C-46D1-AA2B-6CEFD34B7C75}.Release|Any CPU.Build.0 = Release|Any CPU
		{A2096EB6-0265-4F36-A7BB-68345359558F}.Debug|Any CPU.ActiveCfg = Debug|Any CPU
		{A2096EB6-0265-4F36-A7BB-68345359558F}.Debug|Any CPU.Build.0 = Debug|Any CPU
		{A2096EB6-0265-4F36-A7BB-68345359558F}.Release|Any CPU.ActiveCfg = Release|Any CPU
		{A2096EB6-0265-4F36-A7BB-68345359558F}.Release|Any CPU.Build.0 = Release|Any CPU
		{7186A582-F12C-4E5F-8B90-2399E01C492C}.Debug|Any CPU.ActiveCfg = Debug|Any CPU
		{7186A582-F12C-4E5F-8B90-2399E01C492C}.Debug|Any CPU.Build.0 = Debug|Any CPU
		{7186A582-F12C-4E5F-8B90-2399E01C492C}.Release|Any CPU.ActiveCfg = Release|Any CPU
		{7186A582-F12C-4E5F-8B90-2399E01C492C}.Release|Any CPU.Build.0 = Release|Any CPU
		{2BB00826-5202-4CB7-A654-08C7A25AF5A0}.Debug|Any CPU.ActiveCfg = Debug|Any CPU
		{2BB00826-5202-4CB7-A654-08C7A25AF5A0}.Debug|Any CPU.Build.0 = Debug|Any CPU
		{2BB00826-5202-4CB7-A654-08C7A25AF5A0}.Release|Any CPU.ActiveCfg = Release|Any CPU
		{2BB00826-5202-4CB7-A654-08C7A25AF5A0}.Release|Any CPU.Build.0 = Release|Any CPU
	EndGlobalSection
	GlobalSection(SolutionProperties) = preSolution
		HideSolutionNode = FALSE
	EndGlobalSection
	GlobalSection(NestedProjects) = preSolution
		{6CDA7960-0838-41CE-9167-649BBEF382B2} = {18B98EF2-AD63-4474-B83D-739CDDA03BFA}
		{05FE4B4B-D218-4A59-A9C3-C1FDCDE00F5E} = {18B98EF2-AD63-4474-B83D-739CDDA03BFA}
		{01FBD943-C9D2-43E0-9DE6-CD560B427048} = {18B98EF2-AD63-4474-B83D-739CDDA03BFA}
		{C5C805EE-3D08-46DC-BE2E-0563D2CF9C69} = {2044518A-077F-4E36-A078-AAF0E8067B96}
		{6D0325A6-A28C-46D1-AA2B-6CEFD34B7C75} = {C5C805EE-3D08-46DC-BE2E-0563D2CF9C69}
		{A2096EB6-0265-4F36-A7BB-68345359558F} = {C5C805EE-3D08-46DC-BE2E-0563D2CF9C69}
		{7186A582-F12C-4E5F-8B90-2399E01C492C} = {C5C805EE-3D08-46DC-BE2E-0563D2CF9C69}
		{9F88CC28-4452-4C6E-BF15-3E009D4AFDF4} = {2044518A-077F-4E36-A078-AAF0E8067B96}
		{2BB00826-5202-4CB7-A654-08C7A25AF5A0} = {9F88CC28-4452-4C6E-BF15-3E009D4AFDF4}
	EndGlobalSection
	GlobalSection(ExtensibilityGlobals) = postSolution
		SolutionGuid = {81881E06-A10B-465F-B2FC-4C5186A58CC2}
	EndGlobalSection
EndGlobal
